
Microsoft Visual Studio Solution File, Format Version 11.00
# Visual Studio 2010
Project("{8BC9CEB8-8B4A-11D0-8D11-00A0C91BC942}") = "Injector", "Injector\Injector.vcxproj", "{72830306-9681-42EB-8E50-27B8385BA99E}"
EndProject
Global
	GlobalSection(SolutionConfigurationPlatforms) = preSolution
		Debug|Win32 = Debug|Win32
		Release|Win32 = Release|Win32
	EndGlobalSection
	GlobalSection(ProjectConfigurationPlatforms) = postSolution
		{72830306-9681-42EB-8E50-27B8385BA99E}.Debug|Win32.ActiveCfg = Debug|Win32
		{72830306-9681-42EB-8E50-27B8385BA99E}.Debug|Win32.Build.0 = Debug|Win32
		{72830306-9681-42EB-8E50-27B8385BA99E}.Release|Win32.ActiveCfg = Release|Win32
		{72830306-9681-42EB-8E50-27B8385BA99E}.Release|Win32.Build.0 = Release|Win32
	EndGlobalSection
	GlobalSection(SolutionProperties) = preSolution
		HideSolutionNode = FALSE
	EndGlobalSection
EndGlobal
